// !$*UTF8*$!
{
	archiveVersion = 1;
	classes = {
	};
	objectVersion = 46;
	objects = {

/* Begin PBXBuildFile section */
		967DCF0C1D200F570054C6DF /* DPSegmentedControl.swift in Sources */ = {isa = PBXBuildFile; fileRef = 967DCF0B1D200F570054C6DF /* DPSegmentedControl.swift */; };
		96EC3F2F1CFC2C8E00BD8BA7 /* AppDelegate.swift in Sources */ = {isa = PBXBuildFile; fileRef = 96EC3F2E1CFC2C8E00BD8BA7 /* AppDelegate.swift */; };
		96EC3F311CFC2C8E00BD8BA7 /* ViewController.swift in Sources */ = {isa = PBXBuildFile; fileRef = 96EC3F301CFC2C8E00BD8BA7 /* ViewController.swift */; };
		96EC3F341CFC2C8E00BD8BA7 /* Main.storyboard in Resources */ = {isa = PBXBuildFile; fileRef = 96EC3F321CFC2C8E00BD8BA7 /* Main.storyboard */; };
		96EC3F361CFC2C8E00BD8BA7 /* Assets.xcassets in Resources */ = {isa = PBXBuildFile; fileRef = 96EC3F351CFC2C8E00BD8BA7 /* Assets.xcassets */; };
		96EC3F391CFC2C8E00BD8BA7 /* LaunchScreen.storyboard in Resources */ = {isa = PBXBuildFile; fileRef = 96EC3F371CFC2C8E00BD8BA7 /* LaunchScreen.storyboard */; };
/* End PBXBuildFile section */

/* Begin PBXFileReference section */
		967DCF0B1D200F570054C6DF /* DPSegmentedControl.swift */ = {isa = PBXFileReference; fileEncoding = 4; lastKnownFileType = sourcecode.swift; path = DPSegmentedControl.swift; sourceTree = "<group>"; };
		96EC3F2B1CFC2C8E00BD8BA7 /* Segmented.app */ = {isa = PBXFileReference; explicitFileType = wrapper.application; includeInIndex = 0; path = Segmented.app; sourceTree = BUILT_PRODUCTS_DIR; };
		96EC3F2E1CFC2C8E00BD8BA7 /* AppDelegate.swift */ = {isa = PBXFileReference; lastKnownFileType = sourcecode.swift; path = AppDelegate.swift; sourceTree = "<group>"; };
		96EC3F301CFC2C8E00BD8BA7 /* ViewController.swift */ = {isa = PBXFileReference; lastKnownFileType = sourcecode.swift; path = ViewController.swift; sourceTree = "<group>"; };
		96EC3F331CFC2C8E00BD8BA7 /* Base */ = {isa = PBXFileReference; lastKnownFileType = file.storyboard; name = Base; path = Base.lproj/Main.storyboard; sourceTree = "<group>"; };
		96EC3F351CFC2C8E00BD8BA7 /* Assets.xcassets */ = {isa = PBXFileReference; lastKnownFileType = folder.assetcatalog; path = Assets.xcassets; sourceTree = "<group>"; };
		96EC3F381CFC2C8E00BD8BA7 /* Base */ = {isa = PBXFileReference; lastKnownFileType = file.storyboard; name = Base; path = Base.lproj/LaunchScreen.storyboard; sourceTree = "<group>"; };
		96EC3F3A1CFC2C8E00BD8BA7 /* Info.plist */ = {isa = PBXFileReference; lastKnownFileType = text.plist.xml; path = Info.plist; sourceTree = "<group>"; };
/* End PBXFileReference section */

/* Begin PBXFrameworksBuildPhase section */
		96EC3F281CFC2C8E00BD8BA7 /* Frameworks */ = {
			isa = PBXFrameworksBuildPhase;
			buildActionMask = 2147483647;
			files = (
			);
			runOnlyForDeploymentPostprocessing = 0;
		};
/* End PBXFrameworksBuildPhase section */

/* Begin PBXGroup section */
		967DCF0A1D200F570054C6DF /* DPSegmentedControl */ = {
			isa = PBXGroup;
			children = (
				967DCF0B1D200F570054C6DF /* DPSegmentedControl.swift */,
			);
			path = DPSegmentedControl;
			sourceTree = SOURCE_ROOT;
		};
		96EC3F221CFC2C8E00BD8BA7 = {
			isa = PBXGroup;
			children = (
				96EC3F2D1CFC2C8E00BD8BA7 /* Segmented */,
				96EC3F2C1CFC2C8E00BD8BA7 /* Products */,
			);
			sourceTree = "<group>";
		};
		96EC3F2C1CFC2C8E00BD8BA7 /* Products */ = {
			isa = PBXGroup;
			children = (
				96EC3F2B1CFC2C8E00BD8BA7 /* Segmented.app */,
			);
			name = Products;
			sourceTree = "<group>";
		};
		96EC3F2D1CFC2C8E00BD8BA7 /* Segmented */ = {
			isa = PBXGroup;
			children = (
				967DCF0A1D200F570054C6DF /* DPSegmentedControl */,
				96EC3F2E1CFC2C8E00BD8BA7 /* AppDelegate.swift */,
				96EC3F301CFC2C8E00BD8BA7 /* ViewController.swift */,
				96EC3F321CFC2C8E00BD8BA7 /* Main.storyboard */,
				96EC3F351CFC2C8E00BD8BA7 /* Assets.xcassets */,
				96EC3F371CFC2C8E00BD8BA7 /* LaunchScreen.storyboard */,
				96EC3F3A1CFC2C8E00BD8BA7 /* Info.plist */,
			);
			path = Segmented;
			sourceTree = "<group>";
		};
/* End PBXGroup section */

/* Begin PBXNativeTarget section */
		96EC3F2A1CFC2C8E00BD8BA7 /* Segmented */ = {
			isa = PBXNativeTarget;
			buildConfigurationList = 96EC3F3D1CFC2C8E00BD8BA7 /* Build configuration list for PBXNativeTarget "Segmented" */;
			buildPhases = (
				96EC3F271CFC2C8E00BD8BA7 /* Sources */,
				96EC3F281CFC2C8E00BD8BA7 /* Frameworks */,
				96EC3F291CFC2C8E00BD8BA7 /* Resources */,
			);
			buildRules = (
			);
			dependencies = (
			);
			name = Segmented;
			productName = Segmented;
			productReference = 96EC3F2B1CFC2C8E00BD8BA7 /* Segmented.app */;
			productType = "com.apple.product-type.application";
		};
/* End PBXNativeTarget section */

/* Begin PBXProject section */
		96EC3F231CFC2C8E00BD8BA7 /* Project object */ = {
			isa = PBXProject;
			attributes = {
				LastSwiftUpdateCheck = 0730;
				LastUpgradeCheck = 0730;
				ORGANIZATIONNAME = "Dwi Permana Putra";
				TargetAttributes = {
					96EC3F2A1CFC2C8E00BD8BA7 = {
						CreatedOnToolsVersion = 7.3.1;
						DevelopmentTeam = 2RL4G4B6A8;
					};
				};
			};
			buildConfigurationList = 96EC3F261CFC2C8E00BD8BA7 /* Build configuration list for PBXProject "Segmented" */;
			compatibilityVersion = "Xcode 3.2";
			developmentRegion = English;
			hasScannedForEncodings = 0;
			knownRegions = (
				en,
				Base,
			);
			mainGroup = 96EC3F221CFC2C8E00BD8BA7;
			productRefGroup = 96EC3F2C1CFC2C8E00BD8BA7 /* Products */;
			projectDirPath = "";
			projectRoot = "";
			targets = (
				96EC3F2A1CFC2C8E00BD8BA7 /* Segmented */,
			);
		};
/* End PBXProject section */

/* Begin PBXResourcesBuildPhase section */
		96EC3F291CFC2C8E00BD8BA7 /* Resources */ = {
			isa = PBXResourcesBuildPhase;
			buildActionMask = 2147483647;
			files = (
				96EC3F391CFC2C8E00BD8BA7 /* LaunchScreen.storyboard in Resources */,
				96EC3F361CFC2C8E00BD8BA7 /* Assets.xcassets in Resources */,
				96EC3F341CFC2C8E00BD8BA7 /* Main.storyboard in Resources */,
			);
			runOnlyForDeploymentPostprocessing = 0;
		};
/* End PBXResourcesBuildPhase section */

/* Begin PBXSourcesBuildPhase section */
		96EC3F271CFC2C8E00BD8BA7 /* Sources */ = {
			isa = PBXSourcesBuildPhase;
			buildActionMask = 2147483647;
			files = (
				96EC3F311CFC2C8E00BD8BA7 /* ViewController.swift in Sources */,
				96EC3F2F1CFC2C8E00BD8BA7 /* AppDelegate.swift in Sources */,
				967DCF0C1D200F570054C6DF /* DPSegmentedControl.swift in Sources */,
			);
			runOnlyForDeploymentPostprocessing = 0;
		};
/* End PBXSourcesBuildPhase section */

/* Begin PBXVariantGroup section */
		96EC3F321CFC2C8E00BD8BA7 /* Main.storyboard */ = {
			isa = PBXVariantGroup;
			children = (
				96EC3F331CFC2C8E00BD8BA7 /* Base */,
			);
			name = Main.storyboard;
			sourceTree = "<group>";
		};
		96EC3F371CFC2C8E00BD8BA7 /* LaunchScreen.storyboard */ = {
			isa = PBXVariantGroup;
			children = (
				96EC3F381CFC2C8E00BD8BA7 /* Base */,
			);
			name = LaunchScreen.storyboard;
			sourceTree = "<group>";
		};
/* End PBXVariantGroup section */

/* Begin XCBuildConfiguration section */
		96EC3F3B1CFC2C8E00BD8BA7 /* Debug */ = {
			isa = XCBuildConfiguration;
			buildSettings = {
				ALWAYS_SEARCH_USER_PATHS = NO;
				CLANG_ANALYZER_NONNULL = YES;
				CLANG_CXX_LANGUAGE_STANDARD = "gnu++0x";
				CLANG_CXX_LIBRARY = "libc++";
				CLANG_ENABLE_MODULES = YES;
				CLANG_ENABLE_OBJC_ARC = YES;
				CLANG_WARN_BOOL_CONVERSION = YES;
				CLANG_WARN_CONSTANT_CONVERSION = YES;
				CLANG_WARN_DIRECT_OBJC_ISA_USAGE = YES_ERROR;
				CLANG_WARN_EMPTY_BODY = YES;
				CLANG_WARN_ENUM_CONVERSION = YES;
				CLANG_WARN_INT_CONVERSION = YES;
				CLANG_WARN_OBJC_ROOT_CLASS = YES_ERROR;
				CLANG_WARN_UNREACHABLE_CODE = YES;
				CLANG_WARN__DUPLICATE_METHOD_MATCH = YES;
				"CODE_SIGN_IDENTITY[sdk=iphoneos*]" = "iPhone Developer";
				COPY_PHASE_STRIP = NO;
				DEBUG_INFORMATION_FORMAT = dwarf;
				ENABLE_STRICT_OBJC_MSGSEND = YES;
				ENABLE_TESTABILITY = YES;
				GCC_C_LANGUAGE_STANDARD = gnu99;
				GCC_DYNAMIC_NO_PIC = NO;
				GCC_NO_COMMON_BLOCKS = YES;
				GCC_OPTIMIZATION_LEVEL = 0;
				GCC_PREPROCESSOR_DEFINITIONS = (
					"DEBUG=1",
					"$(inherited)",
				);
				GCC_WARN_64_TO_32_BIT_CONVERSION = YES;
				GCC_WARN_ABOUT_RETURN_TYPE = YES_ERROR;
				GCC_WARN_UNDECLARED_SELECTOR = YES;
				GCC_WARN_UNINITIALIZED_AUTOS = YES_AGGRESSIVE;
				GCC_WARN_UNUSED_FUNCTION = YES;
				GCC_WARN_UNUSED_VARIABLE = YES;
				IPHONEOS_DEPLOYMENT_TARGET = 9.3;
				MTL_ENABLE_DEBUG_INFO = YES;
				ONLY_ACTIVE_ARCH = YES;
				SDKROOT = iphoneos;
				SWIFT_OPTIMIZATION_LEVEL = "-Onone";
			};
			name = Debug;
		};
		96EC3F3C1CFC2C8E00BD8BA7 /* Release */ = {
			isa = XCBuildConfiguration;
			buildSettings = {
				ALWAYS_SEARCH_USER_PATHS = NO;
				CLANG_ANALYZER_NONNULL = YES;
				CLANG_CXX_LANGUAGE_STANDARD = "gnu++0x";
				CLANG_CXX_LIBRARY = "libc++";
				CLANG_ENABLE_MODULES = YES;
				CLANG_ENABLE_OBJC_ARC = YES;
				CLANG_WARN_BOOL_CONVERSION = YES;
				CLANG_WARN_CONSTANT_CONVERSION = YES;
				CLANG_WARN_DIRECT_OBJC_ISA_USAGE = YES_ERROR;
				CLANG_WARN_EMPTY_BODY = YES;
				CLANG_WARN_ENUM_CONVERSION = YES;
				CLANG_WARN_INT_CONVERSION = YES;
				CLANG_WARN_OBJC_ROOT_CLASS = YES_ERROR;
				CLANG_WARN_UNREACHABLE_CODE = YES;
				CLANG_WARN__DUPLICATE_METHOD_MATCH = YES;
				"CODE_SIGN_IDENTITY[sdk=iphoneos*]" = "iPhone Developer";
				COPY_PHASE_STRIP = NO;
				DEBUG_INFORMATION_FORMAT = "dwarf-with-dsym";
				ENABLE_NS_ASSERTIONS = NO;
				ENABLE_STRICT_OBJC_MSGSEND = YES;
				GCC_C_LANGUAGE_STANDARD = gnu99;
				GCC_NO_COMMON_BLOCKS = YES;
				GCC_WARN_64_TO_32_BIT_CONVERSION = YES;
				GCC_WARN_ABOUT_RETURN_TYPE = YES_ERROR;
				GCC_WARN_UNDECLARED_SELECTOR = YES;
				GCC_WARN_UNINITIALIZED_AUTOS = YES_AGGRESSIVE;
				GCC_WARN_UNUSED_FUNCTION = YES;
				GCC_WARN_UNUSED_VARIABLE = YES;
				IPHONEOS_DEPLOYMENT_TARGET = 9.3;
				MTL_ENABLE_DEBUG_INFO = NO;
				SDKROOT = iphoneos;
				VALIDATE_PRODUCT = YES;
			};
			name = Release;
		};
		96EC3F3E1CFC2C8E00BD8BA7 /* Debug */ = {
			isa = XCBuildConfiguration;
			buildSettings = {
				ASSETCATALOG_COMPILER_APPICON_NAME = AppIcon;
				INFOPLIST_FILE = Segmented/Info.plist;
				LD_RUNPATH_SEARCH_PATHS = "$(inherited) @executable_path/Frameworks";
				PRODUCT_BUNDLE_IDENTIFIER = com.dwipp.Segmented;
				PRODUCT_NAME = "$(TARGET_NAME)";
			};
			name = Debug;
		};
		96EC3F3F1CFC2C8E00BD8BA7 /* Release */ = {
			isa = XCBuildConfiguration;
			buildSettings = {
				ASSETCATALOG_COMPILER_APPICON_NAME = AppIcon;
				INFOPLIST_FILE = Segmented/Info.plist;
				LD_RUNPATH_SEARCH_PATHS = "$(inherited) @executable_path/Frameworks";
				PRODUCT_BUNDLE_IDENTIFIER = com.dwipp.Segmented;
				PRODUCT_NAME = "$(TARGET_NAME)";
			};
			name = Release;
		};
/* End XCBuildConfiguration section */

/* Begin XCConfigurationList section */
		96EC3F261CFC2C8E00BD8BA7 /* Build configuration list for PBXProject "Segmented" */ = {
			isa = XCConfigurationList;
			buildConfigurations = (
				96EC3F3B1CFC2C8E00BD8BA7 /* Debug */,
				96EC3F3C1CFC2C8E00BD8BA7 /* Release */,
			);
			defaultConfigurationIsVisible = 0;
			defaultConfigurationName = Release;
		};
		96EC3F3D1CFC2C8E00BD8BA7 /* Build configuration list for PBXNativeTarget "Segmented" */ = {
			isa = XCConfigurationList;
			buildConfigurations = (
				96EC3F3E1CFC2C8E00BD8BA7 /* Debug */,
				96EC3F3F1CFC2C8E00BD8BA7 /* Release */,
			);
			defaultConfigurationIsVisible = 0;
			defaultConfigurationName = Release;
		};
/* End XCConfigurationList section */
	};
	rootObject = 96EC3F231CFC2C8E00BD8BA7 /* Project object */;
}
